
Microsoft Visual Studio Solution File, Format Version 12.00
# Visual Studio Version 17
VisualStudioVersion = 17.1.32210.238
MinimumVisualStudioVersion = 10.0.40219.1
Project("{8BC9CEB8-8B4A-11D0-8D11-00A0C91BC942}") = "OpenGL_Project_2", "OpenGL_Project_2\OpenGL_Project_2.vcxproj", "{475A97CE-14D4-40B6-BB79-A63FED8B1053}"
EndProject
Global
	GlobalSection(SolutionConfigurationPlatforms) = preSolution
		Debug|x64 = Debug|x64
		Debug|x86 = Debug|x86
		Release|x64 = Release|x64
		Release|x86 = Release|x86
	EndGlobalSection
	GlobalSection(ProjectConfigurationPlatforms) = postSolution
		{475A97CE-14D4-40B6-BB79-A63FED8B1053}.Debug|x64.ActiveCfg = Debug|x64
		{475A97CE-14D4-40B6-BB79-A63FED8B1053}.Debug|x64.Build.0 = Debug|x64
		{475A97CE-14D4-40B6-BB79-A63FED8B1053}.Debug|x86.ActiveCfg = Debug|Win32
		{475A97CE-14D4-40B6-BB79-A63FED8B1053}.Debug|x86.Build.0 = Debug|Win32
		{475A97CE-14D4-40B6-BB79-A63FED8B1053}.Release|x64.ActiveCfg = Release|x64
		{475A97CE-14D4-40B6-BB79-A63FED8B1053}.Release|x64.Build.0 = Release|x64
		{475A97CE-14D4-40B6-BB79-A63FED8B1053}.Release|x86.ActiveCfg = Release|Win32
		{475A97CE-14D4-40B6-BB79-A63FED8B1053}.Release|x86.Build.0 = Release|Win32
	EndGlobalSection
	GlobalSection(SolutionProperties) = preSolution
		HideSolutionNode = FALSE
	EndGlobalSection
	GlobalSection(ExtensibilityGlobals) = postSolution
		SolutionGuid = {1A17BB80-D58D-40CE-B291-9525A46678D6}
	EndGlobalSection
EndGlobal
